
Microsoft Visual Studio Solution File, Format Version 11.00
# Visual Studio 2010
Project("{FAE04EC0-301F-11D3-BF4B-00C04F79EFBC}") = "Third Person", "Assembly-CSharp.csproj", "{7BAB7C14-88CB-2B4A-C646-FD16AFD56AAB}"
EndProject
Project("{FAE04EC0-301F-11D3-BF4B-00C04F79EFBC}") = "Third Person", "Assembly-CSharp-Editor.csproj", "{DD361121-FA66-E724-C0E6-2A399EC933E5}"
EndProject
Global
	GlobalSection(SolutionConfigurationPlatforms) = preSolution
		Debug|Any CPU = Debug|Any CPU
		Release|Any CPU = Release|Any CPU
	EndGlobalSection
	GlobalSection(ProjectConfigurationPlatforms) = postSolution
		{7BAB7C14-88CB-2B4A-C646-FD16AFD56AAB}.Debug|Any CPU.ActiveCfg = Debug|Any CPU
		{7BAB7C14-88CB-2B4A-C646-FD16AFD56AAB}.Debug|Any CPU.Build.0 = Debug|Any CPU
		{7BAB7C14-88CB-2B4A-C646-FD16AFD56AAB}.Release|Any CPU.ActiveCfg = Release|Any CPU
		{7BAB7C14-88CB-2B4A-C646-FD16AFD56AAB}.Release|Any CPU.Build.0 = Release|Any CPU
		{DD361121-FA66-E724-C0E6-2A399EC933E5}.Debug|Any CPU.ActiveCfg = Debug|Any CPU
		{DD361121-FA66-E724-C0E6-2A399EC933E5}.Debug|Any CPU.Build.0 = Debug|Any CPU
		{DD361121-FA66-E724-C0E6-2A399EC933E5}.Release|Any CPU.ActiveCfg = Release|Any CPU
		{DD361121-FA66-E724-C0E6-2A399EC933E5}.Release|Any CPU.Build.0 = Release|Any CPU
	EndGlobalSection
	GlobalSection(SolutionProperties) = preSolution
		HideSolutionNode = FALSE
	EndGlobalSection
	GlobalSection(MonoDevelopProperties) = preSolution
		StartupItem = Assembly-CSharp.csproj
	EndGlobalSection
EndGlobal
